
Microsoft Visual Studio Solution File, Format Version 12.00
# Visual Studio 15
VisualStudioVersion = 15.0.27703.2026
MinimumVisualStudioVersion = 10.0.40219.1
Project("{9A19103F-16F7-4668-BE54-9A1E7A4F7556}") = "Miqo.License", "Miqo.License\Miqo.License.csproj", "{811C9019-532D-42C1-A60C-F9AF0C2BBD33}"
EndProject
Project("{9A19103F-16F7-4668-BE54-9A1E7A4F7556}") = "Miqo.License.Tests", "Miqo.License.Tests\Miqo.License.Tests.csproj", "{D5778E6E-E441-48E9-A3E3-AFA8C9DACC6D}"
EndProject
Project("{FAE04EC0-301F-11D3-BF4B-00C04F79EFBC}") = "Miqo.License.CreateKeys", "Miqo.License.CreateKeys\Miqo.License.CreateKeys.csproj", "{75BA3984-2E35-4D85-A6D1-F51B7CFB2721}"
EndProject
Global
	GlobalSection(SolutionConfigurationPlatforms) = preSolution
		Debug|Any CPU = Debug|Any CPU
		Release|Any CPU = Release|Any CPU
	EndGlobalSection
	GlobalSection(ProjectConfigurationPlatforms) = postSolution
		{811C9019-532D-42C1-A60C-F9AF0C2BBD33}.Debug|Any CPU.ActiveCfg = Debug|Any CPU
		{811C9019-532D-42C1-A60C-F9AF0C2BBD33}.Debug|Any CPU.Build.0 = Debug|Any CPU
		{811C9019-532D-42C1-A60C-F9AF0C2BBD33}.Release|Any CPU.ActiveCfg = Release|Any CPU
		{811C9019-532D-42C1-A60C-F9AF0C2BBD33}.Release|Any CPU.Build.0 = Release|Any CPU
		{D5778E6E-E441-48E9-A3E3-AFA8C9DACC6D}.Debug|Any CPU.ActiveCfg = Debug|Any CPU
		{D5778E6E-E441-48E9-A3E3-AFA8C9DACC6D}.Debug|Any CPU.Build.0 = Debug|Any CPU
		{D5778E6E-E441-48E9-A3E3-AFA8C9DACC6D}.Release|Any CPU.ActiveCfg = Release|Any CPU
		{D5778E6E-E441-48E9-A3E3-AFA8C9DACC6D}.Release|Any CPU.Build.0 = Release|Any CPU
		{75BA3984-2E35-4D85-A6D1-F51B7CFB2721}.Debug|Any CPU.ActiveCfg = Debug|Any CPU
		{75BA3984-2E35-4D85-A6D1-F51B7CFB2721}.Debug|Any CPU.Build.0 = Debug|Any CPU
		{75BA3984-2E35-4D85-A6D1-F51B7CFB2721}.Release|Any CPU.ActiveCfg = Release|Any CPU
		{75BA3984-2E35-4D85-A6D1-F51B7CFB2721}.Release|Any CPU.Build.0 = Release|Any CPU
	EndGlobalSection
	GlobalSection(SolutionProperties) = preSolution
		HideSolutionNode = FALSE
	EndGlobalSection
	GlobalSection(ExtensibilityGlobals) = postSolution
		SolutionGuid = {3AAE613F-D1A8-48E2-A32D-7010CCD37E73}
	EndGlobalSection
EndGlobal
